<Solution>
  <Folder Name="/src/">
    <Project Path="src/XLSight/XLSight.csproj" />
  </Folder>
  <Folder Name="/tests/">
    <Project Path="tests/XLSight.Tests/XLSight.Tests.csproj" />
  </Folder>
  <Folder Name="/benchmarks/">
    <Project Path="benchmarks/XLSight.Benchmarks/XLSight.Benchmarks.csproj" />
  </Folder>
  <Folder Name="/fuzz/">
    <Project Path="fuzz/XLSight.Fuzz/XLSight.Fuzz.csproj" />
  </Folder>
</Solution>
