<Solution>
  <Folder Name="/src/">
    <Project Path="src/XLSight/XLSight.csproj" />
    <Project Path="src/XLSight.Query/XLSight.Query.csproj" />
  </Folder>
  <Folder Name="/tests/">
    <Project Path="tests/XLSight.Tests/XLSight.Tests.csproj" />
    <Project Path="tests/XLSight.Query.Tests/XLSight.Query.Tests.csproj" />
  </Folder>
  <Folder Name="/benchmarks/">
    <Project Path="benchmarks/XLSight.Benchmarks/XLSight.Benchmarks.csproj" />
  </Folder>
</Solution>
